
Microsoft Visual Studio Solution File, Format Version 12.00
# Visual Studio Version 16
VisualStudioVersion = 16.0.31105.61
MinimumVisualStudioVersion = 10.0.40219.1
Project("{FAE04EC0-301F-11D3-BF4B-00C04F79EFBC}") = "Biblioteca", "Biblioteca\Biblioteca.csproj", "{31FD8A9B-C6A2-498E-9477-90E850BD9800}"
EndProject
Project("{FAE04EC0-301F-11D3-BF4B-00C04F79EFBC}") = "Campo", "FormCampo\Campo.csproj", "{6105632E-F324-46DB-AD46-0D5E00F411F2}"
EndProject
Global
	GlobalSection(SolutionConfigurationPlatforms) = preSolution
		Debug|Any CPU = Debug|Any CPU
		Release|Any CPU = Release|Any CPU
	EndGlobalSection
	GlobalSection(ProjectConfigurationPlatforms) = postSolution
		{31FD8A9B-C6A2-498E-9477-90E850BD9800}.Debug|Any CPU.ActiveCfg = Debug|Any CPU
		{31FD8A9B-C6A2-498E-9477-90E850BD9800}.Debug|Any CPU.Build.0 = Debug|Any CPU
		{31FD8A9B-C6A2-498E-9477-90E850BD9800}.Release|Any CPU.ActiveCfg = Release|Any CPU
		{31FD8A9B-C6A2-498E-9477-90E850BD9800}.Release|Any CPU.Build.0 = Release|Any CPU
		{6105632E-F324-46DB-AD46-0D5E00F411F2}.Debug|Any CPU.ActiveCfg = Debug|Any CPU
		{6105632E-F324-46DB-AD46-0D5E00F411F2}.Debug|Any CPU.Build.0 = Debug|Any CPU
		{6105632E-F324-46DB-AD46-0D5E00F411F2}.Release|Any CPU.ActiveCfg = Release|Any CPU
		{6105632E-F324-46DB-AD46-0D5E00F411F2}.Release|Any CPU.Build.0 = Release|Any CPU
	EndGlobalSection
	GlobalSection(SolutionProperties) = preSolution
		HideSolutionNode = FALSE
	EndGlobalSection
	GlobalSection(ExtensibilityGlobals) = postSolution
		SolutionGuid = {12012093-F101-4A3B-9B0F-FE56E41762B0}
	EndGlobalSection
EndGlobal
