
Microsoft Visual Studio Solution File, Format Version 12.00
# Visual Studio Version 16
VisualStudioVersion = 16.0.31105.61
MinimumVisualStudioVersion = 10.0.40219.1
Project("{FAE04EC0-301F-11D3-BF4B-00C04F79EFBC}") = "Central Telefónica", "Centralita Ejercicio 40\Central Telefónica.csproj", "{BF160B55-B9AF-44DF-8B84-E5C895088FC3}"
EndProject
Project("{FAE04EC0-301F-11D3-BF4B-00C04F79EFBC}") = "CentralitaHerencia", "CentralitaHerencia\CentralitaHerencia.csproj", "{4981DED4-AF6E-48FC-9BE1-5935CDD7E2D5}"
EndProject
Project("{FAE04EC0-301F-11D3-BF4B-00C04F79EFBC}") = "FrmCentralita", "FrmCentralita\FrmCentralita.csproj", "{58CB7513-7363-4C0D-8CFA-AA1B67D20BBF}"
EndProject
Global
	GlobalSection(SolutionConfigurationPlatforms) = preSolution
		Debug|Any CPU = Debug|Any CPU
		Release|Any CPU = Release|Any CPU
	EndGlobalSection
	GlobalSection(ProjectConfigurationPlatforms) = postSolution
		{BF160B55-B9AF-44DF-8B84-E5C895088FC3}.Debug|Any CPU.ActiveCfg = Debug|Any CPU
		{BF160B55-B9AF-44DF-8B84-E5C895088FC3}.Debug|Any CPU.Build.0 = Debug|Any CPU
		{BF160B55-B9AF-44DF-8B84-E5C895088FC3}.Release|Any CPU.ActiveCfg = Release|Any CPU
		{BF160B55-B9AF-44DF-8B84-E5C895088FC3}.Release|Any CPU.Build.0 = Release|Any CPU
		{4981DED4-AF6E-48FC-9BE1-5935CDD7E2D5}.Debug|Any CPU.ActiveCfg = Debug|Any CPU
		{4981DED4-AF6E-48FC-9BE1-5935CDD7E2D5}.Debug|Any CPU.Build.0 = Debug|Any CPU
		{4981DED4-AF6E-48FC-9BE1-5935CDD7E2D5}.Release|Any CPU.ActiveCfg = Release|Any CPU
		{4981DED4-AF6E-48FC-9BE1-5935CDD7E2D5}.Release|Any CPU.Build.0 = Release|Any CPU
		{58CB7513-7363-4C0D-8CFA-AA1B67D20BBF}.Debug|Any CPU.ActiveCfg = Debug|Any CPU
		{58CB7513-7363-4C0D-8CFA-AA1B67D20BBF}.Debug|Any CPU.Build.0 = Debug|Any CPU
		{58CB7513-7363-4C0D-8CFA-AA1B67D20BBF}.Release|Any CPU.ActiveCfg = Release|Any CPU
		{58CB7513-7363-4C0D-8CFA-AA1B67D20BBF}.Release|Any CPU.Build.0 = Release|Any CPU
	EndGlobalSection
	GlobalSection(SolutionProperties) = preSolution
		HideSolutionNode = FALSE
	EndGlobalSection
	GlobalSection(ExtensibilityGlobals) = postSolution
		SolutionGuid = {414EEC3D-164B-4988-B19D-ED5F67A91947}
	EndGlobalSection
EndGlobal
