
Microsoft Visual Studio Solution File, Format Version 12.00
# Visual Studio Version 16
VisualStudioVersion = 16.0.31105.61
MinimumVisualStudioVersion = 10.0.40219.1
Project("{FAE04EC0-301F-11D3-BF4B-00C04F79EFBC}") = "Entidades", "Entidades\Entidades.csproj", "{D40E8C3B-2185-486E-AD81-5C89DDF0B82E}"
EndProject
Project("{FAE04EC0-301F-11D3-BF4B-00C04F79EFBC}") = "Test", "Test\Test.csproj", "{95E035C8-B94F-4D7D-9A6C-E2A4C1C2D954}"
EndProject
Project("{FAE04EC0-301F-11D3-BF4B-00C04F79EFBC}") = "Form DT", "Form Equipo\Form DT.csproj", "{292E5C9C-2B34-4CCC-97B7-36FF7357646F}"
EndProject
Global
	GlobalSection(SolutionConfigurationPlatforms) = preSolution
		Debug|Any CPU = Debug|Any CPU
		Release|Any CPU = Release|Any CPU
	EndGlobalSection
	GlobalSection(ProjectConfigurationPlatforms) = postSolution
		{D40E8C3B-2185-486E-AD81-5C89DDF0B82E}.Debug|Any CPU.ActiveCfg = Debug|Any CPU
		{D40E8C3B-2185-486E-AD81-5C89DDF0B82E}.Debug|Any CPU.Build.0 = Debug|Any CPU
		{D40E8C3B-2185-486E-AD81-5C89DDF0B82E}.Release|Any CPU.ActiveCfg = Release|Any CPU
		{D40E8C3B-2185-486E-AD81-5C89DDF0B82E}.Release|Any CPU.Build.0 = Release|Any CPU
		{95E035C8-B94F-4D7D-9A6C-E2A4C1C2D954}.Debug|Any CPU.ActiveCfg = Debug|Any CPU
		{95E035C8-B94F-4D7D-9A6C-E2A4C1C2D954}.Debug|Any CPU.Build.0 = Debug|Any CPU
		{95E035C8-B94F-4D7D-9A6C-E2A4C1C2D954}.Release|Any CPU.ActiveCfg = Release|Any CPU
		{95E035C8-B94F-4D7D-9A6C-E2A4C1C2D954}.Release|Any CPU.Build.0 = Release|Any CPU
		{292E5C9C-2B34-4CCC-97B7-36FF7357646F}.Debug|Any CPU.ActiveCfg = Debug|Any CPU
		{292E5C9C-2B34-4CCC-97B7-36FF7357646F}.Debug|Any CPU.Build.0 = Debug|Any CPU
		{292E5C9C-2B34-4CCC-97B7-36FF7357646F}.Release|Any CPU.ActiveCfg = Release|Any CPU
		{292E5C9C-2B34-4CCC-97B7-36FF7357646F}.Release|Any CPU.Build.0 = Release|Any CPU
	EndGlobalSection
	GlobalSection(SolutionProperties) = preSolution
		HideSolutionNode = FALSE
	EndGlobalSection
	GlobalSection(ExtensibilityGlobals) = postSolution
		SolutionGuid = {FFB506C6-639D-4B10-9E17-26C07E11654D}
	EndGlobalSection
EndGlobal
