
Microsoft Visual Studio Solution File, Format Version 12.00
# Visual Studio Version 16
VisualStudioVersion = 16.0.31105.61
MinimumVisualStudioVersion = 10.0.40219.1
Project("{FAE04EC0-301F-11D3-BF4B-00C04F79EFBC}") = "Ejercicio 5", "Ejercicio 5\Ejercicio 5.csproj", "{C21CA871-6CA6-4628-90A4-AD7976FB3DE3}"
EndProject
Global
	GlobalSection(SolutionConfigurationPlatforms) = preSolution
		Debug|Any CPU = Debug|Any CPU
		Release|Any CPU = Release|Any CPU
	EndGlobalSection
	GlobalSection(ProjectConfigurationPlatforms) = postSolution
		{C21CA871-6CA6-4628-90A4-AD7976FB3DE3}.Debug|Any CPU.ActiveCfg = Debug|Any CPU
		{C21CA871-6CA6-4628-90A4-AD7976FB3DE3}.Debug|Any CPU.Build.0 = Debug|Any CPU
		{C21CA871-6CA6-4628-90A4-AD7976FB3DE3}.Release|Any CPU.ActiveCfg = Release|Any CPU
		{C21CA871-6CA6-4628-90A4-AD7976FB3DE3}.Release|Any CPU.Build.0 = Release|Any CPU
	EndGlobalSection
	GlobalSection(SolutionProperties) = preSolution
		HideSolutionNode = FALSE
	EndGlobalSection
	GlobalSection(ExtensibilityGlobals) = postSolution
		SolutionGuid = {0CF32B27-F2BE-4566-A49C-5EE075A2BA66}
	EndGlobalSection
EndGlobal
