
Microsoft Visual Studio Solution File, Format Version 12.00
# Visual Studio Version 16
VisualStudioVersion = 16.0.31105.61
MinimumVisualStudioVersion = 10.0.40219.1
Project("{FAE04EC0-301F-11D3-BF4B-00C04F79EFBC}") = "Ejercicio17", "Ejercicio17\Ejercicio17.csproj", "{5BE08EEB-0ADB-47BB-A0AA-60B4AB5FC399}"
EndProject
Project("{FAE04EC0-301F-11D3-BF4B-00C04F79EFBC}") = "BibliotecaBoligrafo", "BibliotecaBoligrafo\BibliotecaBoligrafo.csproj", "{443AB9E5-0410-4CE8-A783-44624807C02D}"
EndProject
Global
	GlobalSection(SolutionConfigurationPlatforms) = preSolution
		Debug|Any CPU = Debug|Any CPU
		Release|Any CPU = Release|Any CPU
	EndGlobalSection
	GlobalSection(ProjectConfigurationPlatforms) = postSolution
		{5BE08EEB-0ADB-47BB-A0AA-60B4AB5FC399}.Debug|Any CPU.ActiveCfg = Debug|Any CPU
		{5BE08EEB-0ADB-47BB-A0AA-60B4AB5FC399}.Debug|Any CPU.Build.0 = Debug|Any CPU
		{5BE08EEB-0ADB-47BB-A0AA-60B4AB5FC399}.Release|Any CPU.ActiveCfg = Release|Any CPU
		{5BE08EEB-0ADB-47BB-A0AA-60B4AB5FC399}.Release|Any CPU.Build.0 = Release|Any CPU
		{443AB9E5-0410-4CE8-A783-44624807C02D}.Debug|Any CPU.ActiveCfg = Debug|Any CPU
		{443AB9E5-0410-4CE8-A783-44624807C02D}.Debug|Any CPU.Build.0 = Debug|Any CPU
		{443AB9E5-0410-4CE8-A783-44624807C02D}.Release|Any CPU.ActiveCfg = Release|Any CPU
		{443AB9E5-0410-4CE8-A783-44624807C02D}.Release|Any CPU.Build.0 = Release|Any CPU
	EndGlobalSection
	GlobalSection(SolutionProperties) = preSolution
		HideSolutionNode = FALSE
	EndGlobalSection
	GlobalSection(ExtensibilityGlobals) = postSolution
		SolutionGuid = {4B626BA9-E929-42BE-8B3B-2DBE5756E22B}
	EndGlobalSection
EndGlobal
