
Microsoft Visual Studio Solution File, Format Version 12.00
# Visual Studio Version 16
VisualStudioVersion = 16.0.31105.61
MinimumVisualStudioVersion = 10.0.40219.1
Project("{FAE04EC0-301F-11D3-BF4B-00C04F79EFBC}") = "interfaces", "interfaces\interfaces.csproj", "{932F176C-6BA7-4D48-8CFD-8E43282B2BA2}"
EndProject
Global
	GlobalSection(SolutionConfigurationPlatforms) = preSolution
		Debug|Any CPU = Debug|Any CPU
		Release|Any CPU = Release|Any CPU
	EndGlobalSection
	GlobalSection(ProjectConfigurationPlatforms) = postSolution
		{932F176C-6BA7-4D48-8CFD-8E43282B2BA2}.Debug|Any CPU.ActiveCfg = Debug|Any CPU
		{932F176C-6BA7-4D48-8CFD-8E43282B2BA2}.Debug|Any CPU.Build.0 = Debug|Any CPU
		{932F176C-6BA7-4D48-8CFD-8E43282B2BA2}.Release|Any CPU.ActiveCfg = Release|Any CPU
		{932F176C-6BA7-4D48-8CFD-8E43282B2BA2}.Release|Any CPU.Build.0 = Release|Any CPU
	EndGlobalSection
	GlobalSection(SolutionProperties) = preSolution
		HideSolutionNode = FALSE
	EndGlobalSection
	GlobalSection(ExtensibilityGlobals) = postSolution
		SolutionGuid = {BEF42EED-085C-4AFB-A493-95B65E8F9213}
	EndGlobalSection
EndGlobal
