
Microsoft Visual Studio Solution File, Format Version 12.00
# Visual Studio Version 16
VisualStudioVersion = 16.0.31105.61
MinimumVisualStudioVersion = 10.0.40219.1
Project("{FAE04EC0-301F-11D3-BF4B-00C04F79EFBC}") = "MiniSuper", "MiniSuper\MiniSuper.csproj", "{554AB577-D139-4E4E-B522-075C53910B59}"
EndProject
Global
	GlobalSection(SolutionConfigurationPlatforms) = preSolution
		Debug|Any CPU = Debug|Any CPU
		Release|Any CPU = Release|Any CPU
	EndGlobalSection
	GlobalSection(ProjectConfigurationPlatforms) = postSolution
		{554AB577-D139-4E4E-B522-075C53910B59}.Debug|Any CPU.ActiveCfg = Debug|Any CPU
		{554AB577-D139-4E4E-B522-075C53910B59}.Debug|Any CPU.Build.0 = Debug|Any CPU
		{554AB577-D139-4E4E-B522-075C53910B59}.Release|Any CPU.ActiveCfg = Release|Any CPU
		{554AB577-D139-4E4E-B522-075C53910B59}.Release|Any CPU.Build.0 = Release|Any CPU
	EndGlobalSection
	GlobalSection(SolutionProperties) = preSolution
		HideSolutionNode = FALSE
	EndGlobalSection
	GlobalSection(ExtensibilityGlobals) = postSolution
		SolutionGuid = {EBB38B24-095B-409C-BE02-94A7DDD1441C}
	EndGlobalSection
EndGlobal
