
Microsoft Visual Studio Solution File, Format Version 12.00
# Visual Studio Version 16
VisualStudioVersion = 16.0.31105.61
MinimumVisualStudioVersion = 10.0.40219.1
Project("{FAE04EC0-301F-11D3-BF4B-00C04F79EFBC}") = "Central Telefonica", "Ejercicio 37\Central Telefonica.csproj", "{F7942324-E724-4F6A-8F4D-9E653C86E8EE}"
EndProject
Project("{FAE04EC0-301F-11D3-BF4B-00C04F79EFBC}") = "CentralitaHerencia", "CentralitaHerencia\CentralitaHerencia.csproj", "{F30FBFD1-333C-49BF-BB60-8D5307583C09}"
EndProject
Global
	GlobalSection(SolutionConfigurationPlatforms) = preSolution
		Debug|Any CPU = Debug|Any CPU
		Release|Any CPU = Release|Any CPU
	EndGlobalSection
	GlobalSection(ProjectConfigurationPlatforms) = postSolution
		{F7942324-E724-4F6A-8F4D-9E653C86E8EE}.Debug|Any CPU.ActiveCfg = Debug|Any CPU
		{F7942324-E724-4F6A-8F4D-9E653C86E8EE}.Debug|Any CPU.Build.0 = Debug|Any CPU
		{F7942324-E724-4F6A-8F4D-9E653C86E8EE}.Release|Any CPU.ActiveCfg = Release|Any CPU
		{F7942324-E724-4F6A-8F4D-9E653C86E8EE}.Release|Any CPU.Build.0 = Release|Any CPU
		{F30FBFD1-333C-49BF-BB60-8D5307583C09}.Debug|Any CPU.ActiveCfg = Debug|Any CPU
		{F30FBFD1-333C-49BF-BB60-8D5307583C09}.Debug|Any CPU.Build.0 = Debug|Any CPU
		{F30FBFD1-333C-49BF-BB60-8D5307583C09}.Release|Any CPU.ActiveCfg = Release|Any CPU
		{F30FBFD1-333C-49BF-BB60-8D5307583C09}.Release|Any CPU.Build.0 = Release|Any CPU
	EndGlobalSection
	GlobalSection(SolutionProperties) = preSolution
		HideSolutionNode = FALSE
	EndGlobalSection
	GlobalSection(ExtensibilityGlobals) = postSolution
		SolutionGuid = {A34042E9-EF65-4CA4-B51C-32F890A08ECF}
	EndGlobalSection
EndGlobal
