
Microsoft Visual Studio Solution File, Format Version 12.00
# Visual Studio Version 16
VisualStudioVersion = 16.0.31105.61
MinimumVisualStudioVersion = 10.0.40219.1
Project("{FAE04EC0-301F-11D3-BF4B-00C04F79EFBC}") = "Vehiculos", "Vehiculos\Vehiculos.csproj", "{26B79DEA-E9E6-4382-9963-66389EE642C4}"
EndProject
Project("{FAE04EC0-301F-11D3-BF4B-00C04F79EFBC}") = "Vista Consola", "Vista Consola\Vista Consola.csproj", "{1C0989E7-6530-4FD2-89FF-702DEB4BE12B}"
EndProject
Project("{FAE04EC0-301F-11D3-BF4B-00C04F79EFBC}") = "VistaForm", "VistaForm\VistaForm.csproj", "{9E4D4B48-65E7-4DDF-9D65-D507178D1F05}"
EndProject
Global
	GlobalSection(SolutionConfigurationPlatforms) = preSolution
		Debug|Any CPU = Debug|Any CPU
		Release|Any CPU = Release|Any CPU
	EndGlobalSection
	GlobalSection(ProjectConfigurationPlatforms) = postSolution
		{26B79DEA-E9E6-4382-9963-66389EE642C4}.Debug|Any CPU.ActiveCfg = Debug|Any CPU
		{26B79DEA-E9E6-4382-9963-66389EE642C4}.Debug|Any CPU.Build.0 = Debug|Any CPU
		{26B79DEA-E9E6-4382-9963-66389EE642C4}.Release|Any CPU.ActiveCfg = Release|Any CPU
		{26B79DEA-E9E6-4382-9963-66389EE642C4}.Release|Any CPU.Build.0 = Release|Any CPU
		{1C0989E7-6530-4FD2-89FF-702DEB4BE12B}.Debug|Any CPU.ActiveCfg = Debug|Any CPU
		{1C0989E7-6530-4FD2-89FF-702DEB4BE12B}.Debug|Any CPU.Build.0 = Debug|Any CPU
		{1C0989E7-6530-4FD2-89FF-702DEB4BE12B}.Release|Any CPU.ActiveCfg = Release|Any CPU
		{1C0989E7-6530-4FD2-89FF-702DEB4BE12B}.Release|Any CPU.Build.0 = Release|Any CPU
		{9E4D4B48-65E7-4DDF-9D65-D507178D1F05}.Debug|Any CPU.ActiveCfg = Debug|Any CPU
		{9E4D4B48-65E7-4DDF-9D65-D507178D1F05}.Debug|Any CPU.Build.0 = Debug|Any CPU
		{9E4D4B48-65E7-4DDF-9D65-D507178D1F05}.Release|Any CPU.ActiveCfg = Release|Any CPU
		{9E4D4B48-65E7-4DDF-9D65-D507178D1F05}.Release|Any CPU.Build.0 = Release|Any CPU
	EndGlobalSection
	GlobalSection(SolutionProperties) = preSolution
		HideSolutionNode = FALSE
	EndGlobalSection
	GlobalSection(ExtensibilityGlobals) = postSolution
		SolutionGuid = {CCFCBB2F-57DB-4992-AEBB-A113BBC2C0BD}
	EndGlobalSection
EndGlobal
