
Microsoft Visual Studio Solution File, Format Version 12.00
# Visual Studio Version 16
VisualStudioVersion = 16.0.31105.61
MinimumVisualStudioVersion = 10.0.40219.1
Project("{FAE04EC0-301F-11D3-BF4B-00C04F79EFBC}") = "EjercicioClase2", "EjercicioClase2\EjercicioClase2.csproj", "{5484B9FF-D6D3-470D-AE53-F52FDC815F44}"
EndProject
Project("{FAE04EC0-301F-11D3-BF4B-00C04F79EFBC}") = "Biblioteca", "Biblioteca\Biblioteca.csproj", "{E2E9073C-0F77-432C-B875-4FD8A93E8693}"
EndProject
Global
	GlobalSection(SolutionConfigurationPlatforms) = preSolution
		Debug|Any CPU = Debug|Any CPU
		Release|Any CPU = Release|Any CPU
	EndGlobalSection
	GlobalSection(ProjectConfigurationPlatforms) = postSolution
		{5484B9FF-D6D3-470D-AE53-F52FDC815F44}.Debug|Any CPU.ActiveCfg = Debug|Any CPU
		{5484B9FF-D6D3-470D-AE53-F52FDC815F44}.Debug|Any CPU.Build.0 = Debug|Any CPU
		{5484B9FF-D6D3-470D-AE53-F52FDC815F44}.Release|Any CPU.ActiveCfg = Release|Any CPU
		{5484B9FF-D6D3-470D-AE53-F52FDC815F44}.Release|Any CPU.Build.0 = Release|Any CPU
		{E2E9073C-0F77-432C-B875-4FD8A93E8693}.Debug|Any CPU.ActiveCfg = Debug|Any CPU
		{E2E9073C-0F77-432C-B875-4FD8A93E8693}.Debug|Any CPU.Build.0 = Debug|Any CPU
		{E2E9073C-0F77-432C-B875-4FD8A93E8693}.Release|Any CPU.ActiveCfg = Release|Any CPU
		{E2E9073C-0F77-432C-B875-4FD8A93E8693}.Release|Any CPU.Build.0 = Release|Any CPU
	EndGlobalSection
	GlobalSection(SolutionProperties) = preSolution
		HideSolutionNode = FALSE
	EndGlobalSection
	GlobalSection(ExtensibilityGlobals) = postSolution
		SolutionGuid = {75A2AC84-72F7-439E-B2ED-2398CF01497B}
	EndGlobalSection
EndGlobal
