
Microsoft Visual Studio Solution File, Format Version 12.00
# Visual Studio Version 16
VisualStudioVersion = 16.0.31105.61
MinimumVisualStudioVersion = 10.0.40219.1
Project("{FAE04EC0-301F-11D3-BF4B-00C04F79EFBC}") = "Ejercicio 19", "Ejercicio 19\Ejercicio 19.csproj", "{C4B44C90-2A3A-4FF3-992C-033D2450C042}"
EndProject
Project("{FAE04EC0-301F-11D3-BF4B-00C04F79EFBC}") = "Biblioteca19", "Biblioteca19\Biblioteca19.csproj", "{6DAE38DD-EF48-424A-A6DA-82ED218FE878}"
EndProject
Global
	GlobalSection(SolutionConfigurationPlatforms) = preSolution
		Debug|Any CPU = Debug|Any CPU
		Release|Any CPU = Release|Any CPU
	EndGlobalSection
	GlobalSection(ProjectConfigurationPlatforms) = postSolution
		{C4B44C90-2A3A-4FF3-992C-033D2450C042}.Debug|Any CPU.ActiveCfg = Debug|Any CPU
		{C4B44C90-2A3A-4FF3-992C-033D2450C042}.Debug|Any CPU.Build.0 = Debug|Any CPU
		{C4B44C90-2A3A-4FF3-992C-033D2450C042}.Release|Any CPU.ActiveCfg = Release|Any CPU
		{C4B44C90-2A3A-4FF3-992C-033D2450C042}.Release|Any CPU.Build.0 = Release|Any CPU
		{6DAE38DD-EF48-424A-A6DA-82ED218FE878}.Debug|Any CPU.ActiveCfg = Debug|Any CPU
		{6DAE38DD-EF48-424A-A6DA-82ED218FE878}.Debug|Any CPU.Build.0 = Debug|Any CPU
		{6DAE38DD-EF48-424A-A6DA-82ED218FE878}.Release|Any CPU.ActiveCfg = Release|Any CPU
		{6DAE38DD-EF48-424A-A6DA-82ED218FE878}.Release|Any CPU.Build.0 = Release|Any CPU
	EndGlobalSection
	GlobalSection(SolutionProperties) = preSolution
		HideSolutionNode = FALSE
	EndGlobalSection
	GlobalSection(ExtensibilityGlobals) = postSolution
		SolutionGuid = {843617AB-E96D-4186-99F7-C369FE71C5CC}
	EndGlobalSection
EndGlobal
