
Microsoft Visual Studio Solution File, Format Version 12.00
# Visual Studio Version 16
VisualStudioVersion = 16.0.31105.61
MinimumVisualStudioVersion = 10.0.40219.1
Project("{FAE04EC0-301F-11D3-BF4B-00C04F79EFBC}") = "Ejerccio9", "Ejerccio9.csproj", "{B3C55ED8-12A2-4CED-9589-8FEBDBBEA549}"
EndProject
Global
	GlobalSection(SolutionConfigurationPlatforms) = preSolution
		Debug|Any CPU = Debug|Any CPU
		Release|Any CPU = Release|Any CPU
	EndGlobalSection
	GlobalSection(ProjectConfigurationPlatforms) = postSolution
		{B3C55ED8-12A2-4CED-9589-8FEBDBBEA549}.Debug|Any CPU.ActiveCfg = Debug|Any CPU
		{B3C55ED8-12A2-4CED-9589-8FEBDBBEA549}.Debug|Any CPU.Build.0 = Debug|Any CPU
		{B3C55ED8-12A2-4CED-9589-8FEBDBBEA549}.Release|Any CPU.ActiveCfg = Release|Any CPU
		{B3C55ED8-12A2-4CED-9589-8FEBDBBEA549}.Release|Any CPU.Build.0 = Release|Any CPU
	EndGlobalSection
	GlobalSection(SolutionProperties) = preSolution
		HideSolutionNode = FALSE
	EndGlobalSection
	GlobalSection(ExtensibilityGlobals) = postSolution
		SolutionGuid = {BC490EF4-F416-49C5-B718-0B431E5929CD}
	EndGlobalSection
EndGlobal
