
Microsoft Visual Studio Solution File, Format Version 12.00
# Visual Studio Version 16
VisualStudioVersion = 16.0.31105.61
MinimumVisualStudioVersion = 10.0.40219.1
Project("{FAE04EC0-301F-11D3-BF4B-00C04F79EFBC}") = "Entidades", "Entidades\Entidades.csproj", "{3FAA5065-E9D4-422A-AD94-45F6B2FD5F82}"
EndProject
Project("{FAE04EC0-301F-11D3-BF4B-00C04F79EFBC}") = "VistaConsola", "VistaConsola\VistaConsola.csproj", "{CBA893D4-3818-4433-89B1-B528C7D703AD}"
EndProject
Project("{FAE04EC0-301F-11D3-BF4B-00C04F79EFBC}") = "VistaForm", "VistaForm\VistaForm.csproj", "{B513CE25-0F74-45B5-9113-635DE38D3D59}"
EndProject
Global
	GlobalSection(SolutionConfigurationPlatforms) = preSolution
		Debug|Any CPU = Debug|Any CPU
		Release|Any CPU = Release|Any CPU
	EndGlobalSection
	GlobalSection(ProjectConfigurationPlatforms) = postSolution
		{3FAA5065-E9D4-422A-AD94-45F6B2FD5F82}.Debug|Any CPU.ActiveCfg = Debug|Any CPU
		{3FAA5065-E9D4-422A-AD94-45F6B2FD5F82}.Debug|Any CPU.Build.0 = Debug|Any CPU
		{3FAA5065-E9D4-422A-AD94-45F6B2FD5F82}.Release|Any CPU.ActiveCfg = Release|Any CPU
		{3FAA5065-E9D4-422A-AD94-45F6B2FD5F82}.Release|Any CPU.Build.0 = Release|Any CPU
		{CBA893D4-3818-4433-89B1-B528C7D703AD}.Debug|Any CPU.ActiveCfg = Debug|Any CPU
		{CBA893D4-3818-4433-89B1-B528C7D703AD}.Debug|Any CPU.Build.0 = Debug|Any CPU
		{CBA893D4-3818-4433-89B1-B528C7D703AD}.Release|Any CPU.ActiveCfg = Release|Any CPU
		{CBA893D4-3818-4433-89B1-B528C7D703AD}.Release|Any CPU.Build.0 = Release|Any CPU
		{B513CE25-0F74-45B5-9113-635DE38D3D59}.Debug|Any CPU.ActiveCfg = Debug|Any CPU
		{B513CE25-0F74-45B5-9113-635DE38D3D59}.Debug|Any CPU.Build.0 = Debug|Any CPU
		{B513CE25-0F74-45B5-9113-635DE38D3D59}.Release|Any CPU.ActiveCfg = Release|Any CPU
		{B513CE25-0F74-45B5-9113-635DE38D3D59}.Release|Any CPU.Build.0 = Release|Any CPU
	EndGlobalSection
	GlobalSection(SolutionProperties) = preSolution
		HideSolutionNode = FALSE
	EndGlobalSection
	GlobalSection(ExtensibilityGlobals) = postSolution
		SolutionGuid = {141A5A8E-F0B5-40DF-8510-C56041374C79}
	EndGlobalSection
EndGlobal
