
Microsoft Visual Studio Solution File, Format Version 12.00
# Visual Studio Version 16
VisualStudioVersion = 16.0.31105.61
MinimumVisualStudioVersion = 10.0.40219.1
Project("{FAE04EC0-301F-11D3-BF4B-00C04F79EFBC}") = "CalculadoraString", "CalculadoraString\CalculadoraString.csproj", "{8B6705C5-95E4-4698-813D-256DC5802939}"
EndProject
Project("{FAE04EC0-301F-11D3-BF4B-00C04F79EFBC}") = "Test_Calculadora", "Test_Calculadora\Test_Calculadora.csproj", "{2FCCF2A7-0B02-4F40-AC72-B9359E6258FB}"
EndProject
Global
	GlobalSection(SolutionConfigurationPlatforms) = preSolution
		Debug|Any CPU = Debug|Any CPU
		Release|Any CPU = Release|Any CPU
	EndGlobalSection
	GlobalSection(ProjectConfigurationPlatforms) = postSolution
		{8B6705C5-95E4-4698-813D-256DC5802939}.Debug|Any CPU.ActiveCfg = Debug|Any CPU
		{8B6705C5-95E4-4698-813D-256DC5802939}.Debug|Any CPU.Build.0 = Debug|Any CPU
		{8B6705C5-95E4-4698-813D-256DC5802939}.Release|Any CPU.ActiveCfg = Release|Any CPU
		{8B6705C5-95E4-4698-813D-256DC5802939}.Release|Any CPU.Build.0 = Release|Any CPU
		{2FCCF2A7-0B02-4F40-AC72-B9359E6258FB}.Debug|Any CPU.ActiveCfg = Debug|Any CPU
		{2FCCF2A7-0B02-4F40-AC72-B9359E6258FB}.Debug|Any CPU.Build.0 = Debug|Any CPU
		{2FCCF2A7-0B02-4F40-AC72-B9359E6258FB}.Release|Any CPU.ActiveCfg = Release|Any CPU
		{2FCCF2A7-0B02-4F40-AC72-B9359E6258FB}.Release|Any CPU.Build.0 = Release|Any CPU
	EndGlobalSection
	GlobalSection(SolutionProperties) = preSolution
		HideSolutionNode = FALSE
	EndGlobalSection
	GlobalSection(ExtensibilityGlobals) = postSolution
		SolutionGuid = {5416685E-AE40-406D-B703-37BD07890148}
	EndGlobalSection
EndGlobal
