
Microsoft Visual Studio Solution File, Format Version 12.00
# Visual Studio Version 16
VisualStudioVersion = 16.0.31105.61
MinimumVisualStudioVersion = 10.0.40219.1
Project("{FAE04EC0-301F-11D3-BF4B-00C04F79EFBC}") = "Entidades", "Entidades\Entidades.csproj", "{7943FAA1-1C54-493B-B930-D6FC3799BC0D}"
EndProject
Project("{FAE04EC0-301F-11D3-BF4B-00C04F79EFBC}") = "Formularios", "Formularios\Formularios.csproj", "{31BE8426-E34F-4924-B0B8-3C210F1A52C2}"
EndProject
Global
	GlobalSection(SolutionConfigurationPlatforms) = preSolution
		Debug|Any CPU = Debug|Any CPU
		Release|Any CPU = Release|Any CPU
	EndGlobalSection
	GlobalSection(ProjectConfigurationPlatforms) = postSolution
		{7943FAA1-1C54-493B-B930-D6FC3799BC0D}.Debug|Any CPU.ActiveCfg = Debug|Any CPU
		{7943FAA1-1C54-493B-B930-D6FC3799BC0D}.Debug|Any CPU.Build.0 = Debug|Any CPU
		{7943FAA1-1C54-493B-B930-D6FC3799BC0D}.Release|Any CPU.ActiveCfg = Release|Any CPU
		{7943FAA1-1C54-493B-B930-D6FC3799BC0D}.Release|Any CPU.Build.0 = Release|Any CPU
		{31BE8426-E34F-4924-B0B8-3C210F1A52C2}.Debug|Any CPU.ActiveCfg = Debug|Any CPU
		{31BE8426-E34F-4924-B0B8-3C210F1A52C2}.Debug|Any CPU.Build.0 = Debug|Any CPU
		{31BE8426-E34F-4924-B0B8-3C210F1A52C2}.Release|Any CPU.ActiveCfg = Release|Any CPU
		{31BE8426-E34F-4924-B0B8-3C210F1A52C2}.Release|Any CPU.Build.0 = Release|Any CPU
	EndGlobalSection
	GlobalSection(SolutionProperties) = preSolution
		HideSolutionNode = FALSE
	EndGlobalSection
	GlobalSection(ExtensibilityGlobals) = postSolution
		SolutionGuid = {6C7A064D-D5BF-437C-A18E-26D14034B4C9}
	EndGlobalSection
EndGlobal
