
Microsoft Visual Studio Solution File, Format Version 12.00
# Visual Studio Version 16
VisualStudioVersion = 16.0.31105.61
MinimumVisualStudioVersion = 10.0.40219.1
Project("{FAE04EC0-301F-11D3-BF4B-00C04F79EFBC}") = "practica-segundo-parcial", "practica-segundo-parcial\practica-segundo-parcial.csproj", "{6CA23ACC-8145-4B5E-803A-1FF9BA5BB1B9}"
EndProject
Project("{FAE04EC0-301F-11D3-BF4B-00C04F79EFBC}") = "Biblioteca", "Biblioteca\Biblioteca.csproj", "{B8975DD8-0045-4367-90E4-25553B751767}"
EndProject
Project("{FAE04EC0-301F-11D3-BF4B-00C04F79EFBC}") = "Interfaces", "Interfaces\Interfaces.csproj", "{B8B2CD61-168E-4AEF-9F76-FEDCA79B96ED}"
EndProject
Global
	GlobalSection(SolutionConfigurationPlatforms) = preSolution
		Debug|Any CPU = Debug|Any CPU
		Release|Any CPU = Release|Any CPU
	EndGlobalSection
	GlobalSection(ProjectConfigurationPlatforms) = postSolution
		{6CA23ACC-8145-4B5E-803A-1FF9BA5BB1B9}.Debug|Any CPU.ActiveCfg = Debug|Any CPU
		{6CA23ACC-8145-4B5E-803A-1FF9BA5BB1B9}.Debug|Any CPU.Build.0 = Debug|Any CPU
		{6CA23ACC-8145-4B5E-803A-1FF9BA5BB1B9}.Release|Any CPU.ActiveCfg = Release|Any CPU
		{6CA23ACC-8145-4B5E-803A-1FF9BA5BB1B9}.Release|Any CPU.Build.0 = Release|Any CPU
		{B8975DD8-0045-4367-90E4-25553B751767}.Debug|Any CPU.ActiveCfg = Debug|Any CPU
		{B8975DD8-0045-4367-90E4-25553B751767}.Debug|Any CPU.Build.0 = Debug|Any CPU
		{B8975DD8-0045-4367-90E4-25553B751767}.Release|Any CPU.ActiveCfg = Release|Any CPU
		{B8975DD8-0045-4367-90E4-25553B751767}.Release|Any CPU.Build.0 = Release|Any CPU
		{B8B2CD61-168E-4AEF-9F76-FEDCA79B96ED}.Debug|Any CPU.ActiveCfg = Debug|Any CPU
		{B8B2CD61-168E-4AEF-9F76-FEDCA79B96ED}.Debug|Any CPU.Build.0 = Debug|Any CPU
		{B8B2CD61-168E-4AEF-9F76-FEDCA79B96ED}.Release|Any CPU.ActiveCfg = Release|Any CPU
		{B8B2CD61-168E-4AEF-9F76-FEDCA79B96ED}.Release|Any CPU.Build.0 = Release|Any CPU
	EndGlobalSection
	GlobalSection(SolutionProperties) = preSolution
		HideSolutionNode = FALSE
	EndGlobalSection
	GlobalSection(ExtensibilityGlobals) = postSolution
		SolutionGuid = {A9CC9A8D-E12D-433F-BD1D-16E58F63B76F}
	EndGlobalSection
EndGlobal
